Microsoft Visual Studio Solution File, Format Version 11.00
# Visual Studio 2008

Project("{8A84AF0A-5931-0BC9-2F83-B2692E6BC5B8}") = "CatHarsis", "Assembly-CSharp.csproj", "{921B24D1-0647-3BBE-6624-2A56E5431D64}"
EndProject
Project("{8A84AF0A-5931-0BC9-2F83-B2692E6BC5B8}") = "CatHarsis", "Assembly-CSharp-Editor.csproj", "{ADA10D9C-C99D-722F-8A10-F3CB95B9897E}"
EndProject
Global
	GlobalSection(SolutionConfigurationPlatforms) = preSolution
		Debug|Any CPU = Debug|Any CPU
		Release|Any CPU = Release|Any CPU
	EndGlobalSection
	GlobalSection(ProjectConfigurationPlatforms) = postSolution
		{921B24D1-0647-3BBE-6624-2A56E5431D64}.Debug|Any CPU.ActiveCfg = Debug|Any CPU
		{921B24D1-0647-3BBE-6624-2A56E5431D64}.Debug|Any CPU.Build.0 = Debug|Any CPU
		{921B24D1-0647-3BBE-6624-2A56E5431D64}.Release|Any CPU.ActiveCfg = Release|Any CPU
		{921B24D1-0647-3BBE-6624-2A56E5431D64}.Release|Any CPU.Build.0 = Release|Any CPU
		{ADA10D9C-C99D-722F-8A10-F3CB95B9897E}.Debug|Any CPU.ActiveCfg = Debug|Any CPU
		{ADA10D9C-C99D-722F-8A10-F3CB95B9897E}.Debug|Any CPU.Build.0 = Debug|Any CPU
		{ADA10D9C-C99D-722F-8A10-F3CB95B9897E}.Release|Any CPU.ActiveCfg = Release|Any CPU
		{ADA10D9C-C99D-722F-8A10-F3CB95B9897E}.Release|Any CPU.Build.0 = Release|Any CPU
	EndGlobalSection
	GlobalSection(SolutionProperties) = preSolution
		HideSolutionNode = FALSE
	EndGlobalSection
																																																																																																																																																																																																								GlobalSection(MonoDevelopProperties) = preSolution
		StartupItem = Assembly-CSharp.csproj
		Policies = $0
		$0.TextStylePolicy = $1
		$1.inheritsSet = null
		$1.scope = text/x-csharp
		$0.CSharpFormattingPolicy = $2
		$2.inheritsSet = Mono
		$2.inheritsScope = text/x-csharp
		$2.scope = text/x-csharp
		$0.TextStylePolicy = $3
		$3.FileWidth = 120
		$3.TabWidth = 4
		$3.EolMarker = Unix
		$3.inheritsSet = Mono
		$3.inheritsScope = text/plain
		$3.scope = text/plain
	EndGlobalSection

EndGlobal
